
Microsoft Visual Studio Solution File, Format Version 12.00
# Visual Studio 2013
VisualStudioVersion = 12.0.30723.0
MinimumVisualStudioVersion = 10.0.40219.1
Project("{8BC9CEB8-8B4A-11D0-8D11-00A0C91BC942}") = "StudentTeacherDatabase", "StudentTeacherDatabase\StudentTeacherDatabase.vcxproj", "{AA5A3C66-573C-4166-B9DD-61200498D08E}"
EndProject
Project("{8BC9CEB8-8B4A-11D0-8D11-00A0C91BC942}") = "RandomPractice", "RandomPractice\RandomPractice.vcxproj", "{D87E1AFE-4EB6-41BF-B81F-2EDA45FC08F5}"
EndProject
Global
	GlobalSection(SolutionConfigurationPlatforms) = preSolution
		Debug|Win32 = Debug|Win32
		Release|Win32 = Release|Win32
	EndGlobalSection
	GlobalSection(ProjectConfigurationPlatforms) = postSolution
		{AA5A3C66-573C-4166-B9DD-61200498D08E}.Debug|Win32.ActiveCfg = Debug|Win32
		{AA5A3C66-573C-4166-B9DD-61200498D08E}.Debug|Win32.Build.0 = Debug|Win32
		{AA5A3C66-573C-4166-B9DD-61200498D08E}.Release|Win32.ActiveCfg = Release|Win32
		{AA5A3C66-573C-4166-B9DD-61200498D08E}.Release|Win32.Build.0 = Release|Win32
		{D87E1AFE-4EB6-41BF-B81F-2EDA45FC08F5}.Debug|Win32.ActiveCfg = Debug|Win32
		{D87E1AFE-4EB6-41BF-B81F-2EDA45FC08F5}.Debug|Win32.Build.0 = Debug|Win32
		{D87E1AFE-4EB6-41BF-B81F-2EDA45FC08F5}.Release|Win32.ActiveCfg = Release|Win32
		{D87E1AFE-4EB6-41BF-B81F-2EDA45FC08F5}.Release|Win32.Build.0 = Release|Win32
	EndGlobalSection
	GlobalSection(SolutionProperties) = preSolution
		HideSolutionNode = FALSE
	EndGlobalSection
EndGlobal
